// !$*UTF8*$!
{
	archiveVersion = 1;
	classes = {
	};
	objectVersion = 48;
	objects = {

/* Begin PBXBuildFile section */
		D8B8B3741F5DB06C00373140 /* AppDelegate.swift in Sources */ = {isa = PBXBuildFile; fileRef = D8B8B3731F5DB06C00373140 /* AppDelegate.swift */; };
		D8B8B3791F5DB06C00373140 /* Main.storyboard in Resources */ = {isa = PBXBuildFile; fileRef = D8B8B3771F5DB06C00373140 /* Main.storyboard */; };
		D8B8B37C1F5DB06C00373140 /* TalkBoy.xcdatamodeld in Sources */ = {isa = PBXBuildFile; fileRef = D8B8B37A1F5DB06C00373140 /* TalkBoy.xcdatamodeld */; };
		D8B8B37E1F5DB06C00373140 /* Assets.xcassets in Resources */ = {isa = PBXBuildFile; fileRef = D8B8B37D1F5DB06C00373140 /* Assets.xcassets */; };
		D8B8B3811F5DB06C00373140 /* LaunchScreen.storyboard in Resources */ = {isa = PBXBuildFile; fileRef = D8B8B37F1F5DB06C00373140 /* LaunchScreen.storyboard */; };
/* End PBXBuildFile section */

/* Begin PBXFileReference section */
		D8B8B3701F5DB06C00373140 /* TalkBoy.app */ = {isa = PBXFileReference; explicitFileType = wrapper.application; includeInIndex = 0; path = TalkBoy.app; sourceTree = BUILT_PRODUCTS_DIR; };
		D8B8B3731F5DB06C00373140 /* AppDelegate.swift */ = {isa = PBXFileReference; lastKnownFileType = sourcecode.swift; path = AppDelegate.swift; sourceTree = "<group>"; };
		D8B8B3781F5DB06C00373140 /* Base */ = {isa = PBXFileReference; lastKnownFileType = file.storyboard; name = Base; path = Base.lproj/Main.storyboard; sourceTree = "<group>"; };
		D8B8B37B1F5DB06C00373140 /* TalkBoy.xcdatamodel */ = {isa = PBXFileReference; lastKnownFileType = wrapper.xcdatamodel; path = TalkBoy.xcdatamodel; sourceTree = "<group>"; };
		D8B8B37D1F5DB06C00373140 /* Assets.xcassets */ = {isa = PBXFileReference; lastKnownFileType = folder.assetcatalog; path = Assets.xcassets; sourceTree = "<group>"; };
		D8B8B3801F5DB06C00373140 /* Base */ = {isa = PBXFileReference; lastKnownFileType = file.storyboard; name = Base; path = Base.lproj/LaunchScreen.storyboard; sourceTree = "<group>"; };
		D8B8B3821F5DB06C00373140 /* Info.plist */ = {isa = PBXFileReference; lastKnownFileType = text.plist.xml; path = Info.plist; sourceTree = "<group>"; };
/* End PBXFileReference section */

/* Begin PBXFrameworksBuildPhase section */
		D8B8B36D1F5DB06C00373140 /* Frameworks */ = {
			isa = PBXFrameworksBuildPhase;
			buildActionMask = 2147483647;
			files = (
			);
			runOnlyForDeploymentPostprocessing = 0;
		};
/* End PBXFrameworksBuildPhase section */

/* Begin PBXGroup section */
		D8B8B3671F5DB06C00373140 = {
			isa = PBXGroup;
			children = (
				D8B8B3721F5DB06C00373140 /* TalkBoy */,
				D8B8B3711F5DB06C00373140 /* Products */,
			);
			sourceTree = "<group>";
		};
		D8B8B3711F5DB06C00373140 /* Products */ = {
			isa = PBXGroup;
			children = (
				D8B8B3701F5DB06C00373140 /* TalkBoy.app */,
			);
			name = Products;
			sourceTree = "<group>";
		};
		D8B8B3721F5DB06C00373140 /* TalkBoy */ = {
			isa = PBXGroup;
			children = (
				D8B8B3731F5DB06C00373140 /* AppDelegate.swift */,
				D8B8B3771F5DB06C00373140 /* Main.storyboard */,
				D8B8B37D1F5DB06C00373140 /* Assets.xcassets */,
				D8B8B37F1F5DB06C00373140 /* LaunchScreen.storyboard */,
				D8B8B3821F5DB06C00373140 /* Info.plist */,
				D8B8B37A1F5DB06C00373140 /* TalkBoy.xcdatamodeld */,
			);
			path = TalkBoy;
			sourceTree = "<group>";
		};
/* End PBXGroup section */

/* Begin PBXNativeTarget section */
		D8B8B36F1F5DB06C00373140 /* TalkBoy */ = {
			isa = PBXNativeTarget;
			buildConfigurationList = D8B8B3851F5DB06C00373140 /* Build configuration list for PBXNativeTarget "TalkBoy" */;
			buildPhases = (
				D8B8B36C1F5DB06C00373140 /* Sources */,
				D8B8B36D1F5DB06C00373140 /* Frameworks */,
				D8B8B36E1F5DB06C00373140 /* Resources */,
			);
			buildRules = (
			);
			dependencies = (
			);
			name = TalkBoy;
			productName = TalkBoy;
			productReference = D8B8B3701F5DB06C00373140 /* TalkBoy.app */;
			productType = "com.apple.product-type.application";
		};
/* End PBXNativeTarget section */

/* Begin PBXProject section */
		D8B8B3681F5DB06C00373140 /* Project object */ = {
			isa = PBXProject;
			attributes = {
				LastSwiftUpdateCheck = 0900;
				LastUpgradeCheck = 0900;
				ORGANIZATIONNAME = "Joe Crescenzi";
				TargetAttributes = {
					D8B8B36F1F5DB06C00373140 = {
						CreatedOnToolsVersion = 9.0;
						ProvisioningStyle = Automatic;
					};
				};
			};
			buildConfigurationList = D8B8B36B1F5DB06C00373140 /* Build configuration list for PBXProject "TalkBoy" */;
			compatibilityVersion = "Xcode 8.0";
			developmentRegion = en;
			hasScannedForEncodings = 0;
			knownRegions = (
				en,
				Base,
			);
			mainGroup = D8B8B3671F5DB06C00373140;
			productRefGroup = D8B8B3711F5DB06C00373140 /* Products */;
			projectDirPath = "";
			projectRoot = "";
			targets = (
				D8B8B36F1F5DB06C00373140 /* TalkBoy */,
			);
		};
/* End PBXProject section */

/* Begin PBXResourcesBuildPhase section */
		D8B8B36E1F5DB06C00373140 /* Resources */ = {
			isa = PBXResourcesBuildPhase;
			buildActionMask = 2147483647;
			files = (
				D8B8B3811F5DB06C00373140 /* LaunchScreen.storyboard in Resources */,
				D8B8B37E1F5DB06C00373140 /* Assets.xcassets in Resources */,
				D8B8B3791F5DB06C00373140 /* Main.storyboard in Resources */,
			);
			runOnlyForDeploymentPostprocessing = 0;
		};
/* End PBXResourcesBuildPhase section */

/* Begin PBXSourcesBuildPhase section */
		D8B8B36C1F5DB06C00373140 /* Sources */ = {
			isa = PBXSourcesBuildPhase;
			buildActionMask = 2147483647;
			files = (
				D8B8B37C1F5DB06C00373140 /* TalkBoy.xcdatamodeld in Sources */,
				D8B8B3741F5DB06C00373140 /* AppDelegate.swift in Sources */,
			);
			runOnlyForDeploymentPostprocessing = 0;
		};
/* End PBXSourcesBuildPhase section */

/* Begin PBXVariantGroup section */
		D8B8B3771F5DB06C00373140 /* Main.storyboard */ = {
			isa = PBXVariantGroup;
			children = (
				D8B8B3781F5DB06C00373140 /* Base */,
			);
			name = Main.storyboard;
			sourceTree = "<group>";
		};
		D8B8B37F1F5DB06C00373140 /* LaunchScreen.storyboard */ = {
			isa = PBXVariantGroup;
			children = (
				D8B8B3801F5DB06C00373140 /* Base */,
			);
			name = LaunchScreen.storyboard;
			sourceTree = "<group>";
		};
/* End PBXVariantGroup section */

/* Begin XCBuildConfiguration section */
		D8B8B3831F5DB06C00373140 /* Debug */ = {
			isa = XCBuildConfiguration;
			buildSettings = {
				ALWAYS_SEARCH_USER_PATHS = NO;
				CLANG_ANALYZER_NONNULL = YES;
				CLANG_ANALYZER_NUMBER_OBJECT_CONVERSION = YES_AGGRESSIVE;
				CLANG_CXX_LANGUAGE_STANDARD = "gnu++14";
				CLANG_CXX_LIBRARY = "libc++";
				CLANG_ENABLE_MODULES = YES;
				CLANG_ENABLE_OBJC_ARC = YES;
				CLANG_WARN_BLOCK_CAPTURE_AUTORELEASING = YES;
				CLANG_WARN_BOOL_CONVERSION = YES;
				CLANG_WARN_COMMA = YES;
				CLANG_WARN_CONSTANT_CONVERSION = YES;
				CLANG_WARN_DIRECT_OBJC_ISA_USAGE = YES_ERROR;
				CLANG_WARN_DOCUMENTATION_COMMENTS = YES;
				CLANG_WARN_EMPTY_BODY = YES;
				CLANG_WARN_ENUM_CONVERSION = YES;
				CLANG_WARN_INFINITE_RECURSION = YES;
				CLANG_WARN_INT_CONVERSION = YES;
				CLANG_WARN_NON_LITERAL_NULL_CONVERSION = YES;
				CLANG_WARN_OBJC_LITERAL_CONVERSION = YES;
				CLANG_WARN_OBJC_ROOT_CLASS = YES_ERROR;
				CLANG_WARN_RANGE_LOOP_ANALYSIS = YES;
				CLANG_WARN_STRICT_PROTOTYPES = YES;
				CLANG_WARN_SUSPICIOUS_MOVE = YES;
				CLANG_WARN_UNGUARDED_AVAILABILITY = YES_AGGRESSIVE;
				CLANG_WARN_UNREACHABLE_CODE = YES;
				CLANG_WARN__DUPLICATE_METHOD_MATCH = YES;
				CODE_SIGN_IDENTITY = "iPhone Developer";
				COPY_PHASE_STRIP = NO;
				DEBUG_INFORMATION_FORMAT = dwarf;
				ENABLE_STRICT_OBJC_MSGSEND = YES;
				ENABLE_TESTABILITY = YES;
				GCC_C_LANGUAGE_STANDARD = gnu11;
				GCC_DYNAMIC_NO_PIC = NO;
				GCC_NO_COMMON_BLOCKS = YES;
				GCC_OPTIMIZATION_LEVEL = 0;
				GCC_PREPROCESSOR_DEFINITIONS = (
					"DEBUG=1",
					"$(inherited)",
				);
				GCC_WARN_64_TO_32_BIT_CONVERSION = YES;
				GCC_WARN_ABOUT_RETURN_TYPE = YES_ERROR;
				GCC_WARN_UNDECLARED_SELECTOR = YES;
				GCC_WARN_UNINITIALIZED_AUTOS = YES_AGGRESSIVE;
				GCC_WARN_UNUSED_FUNCTION = YES;
				GCC_WARN_UNUSED_VARIABLE = YES;
				IPHONEOS_DEPLOYMENT_TARGET = 11.0;
				MTL_ENABLE_DEBUG_INFO = YES;
				ONLY_ACTIVE_ARCH = YES;
				SDKROOT = iphoneos;
				SWIFT_ACTIVE_COMPILATION_CONDITIONS = DEBUG;
				SWIFT_OPTIMIZATION_LEVEL = "-Onone";
			};
			name = Debug;
		};
		D8B8B3841F5DB06C00373140 /* Release */ = {
			isa = XCBuildConfiguration;
			buildSettings = {
				ALWAYS_SEARCH_USER_PATHS = NO;
				CLANG_ANALYZER_NONNULL = YES;
				CLANG_ANALYZER_NUMBER_OBJECT_CONVERSION = YES_AGGRESSIVE;
				CLANG_CXX_LANGUAGE_STANDARD = "gnu++14";
				CLANG_CXX_LIBRARY = "libc++";
				CLANG_ENABLE_MODULES = YES;
				CLANG_ENABLE_OBJC_ARC = YES;
				CLANG_WARN_BLOCK_CAPTURE_AUTORELEASING = YES;
				CLANG_WARN_BOOL_CONVERSION = YES;
				CLANG_WARN_COMMA = YES;
				CLANG_WARN_CONSTANT_CONVERSION = YES;
				CLANG_WARN_DIRECT_OBJC_ISA_USAGE = YES_ERROR;
				CLANG_WARN_DOCUMENTATION_COMMENTS = YES;
				CLANG_WARN_EMPTY_BODY = YES;
				CLANG_WARN_ENUM_CONVERSION = YES;
				CLANG_WARN_INFINITE_RECURSION = YES;
				CLANG_WARN_INT_CONVERSION = YES;
				CLANG_WARN_NON_LITERAL_NULL_CONVERSION = YES;
				CLANG_WARN_OBJC_LITERAL_CONVERSION = YES;
				CLANG_WARN_OBJC_ROOT_CLASS = YES_ERROR;
				CLANG_WARN_RANGE_LOOP_ANALYSIS = YES;
				CLANG_WARN_STRICT_PROTOTYPES = YES;
				CLANG_WARN_SUSPICIOUS_MOVE = YES;
				CLANG_WARN_UNGUARDED_AVAILABILITY = YES_AGGRESSIVE;
				CLANG_WARN_UNREACHABLE_CODE = YES;
				CLANG_WARN__DUPLICATE_METHOD_MATCH = YES;
				CODE_SIGN_IDENTITY = "iPhone Developer";
				COPY_PHASE_STRIP = NO;
				DEBUG_INFORMATION_FORMAT = "dwarf-with-dsym";
				ENABLE_NS_ASSERTIONS = NO;
				ENABLE_STRICT_OBJC_MSGSEND = YES;
				GCC_C_LANGUAGE_STANDARD = gnu11;
				GCC_NO_COMMON_BLOCKS = YES;
				GCC_WARN_64_TO_32_BIT_CONVERSION = YES;
				GCC_WARN_ABOUT_RETURN_TYPE = YES_ERROR;
				GCC_WARN_UNDECLARED_SELECTOR = YES;
				GCC_WARN_UNINITIALIZED_AUTOS = YES_AGGRESSIVE;
				GCC_WARN_UNUSED_FUNCTION = YES;
				GCC_WARN_UNUSED_VARIABLE = YES;
				IPHONEOS_DEPLOYMENT_TARGET = 11.0;
				MTL_ENABLE_DEBUG_INFO = NO;
				SDKROOT = iphoneos;
				SWIFT_OPTIMIZATION_LEVEL = "-Owholemodule";
				VALIDATE_PRODUCT = YES;
			};
			name = Release;
		};
		D8B8B3861F5DB06C00373140 /* Debug */ = {
			isa = XCBuildConfiguration;
			buildSettings = {
				ASSETCATALOG_COMPILER_APPICON_NAME = AppIcon;
				CODE_SIGN_STYLE = Automatic;
				DEVELOPMENT_TEAM = TPZZ58AXV4;
				INFOPLIST_FILE = TalkBoy/Info.plist;
				LD_RUNPATH_SEARCH_PATHS = "$(inherited) @executable_path/Frameworks";
				PRODUCT_BUNDLE_IDENTIFIER = com.couponpages.TalkBoy;
				PRODUCT_NAME = "$(TARGET_NAME)";
				SWIFT_VERSION = 4.0;
				TARGETED_DEVICE_FAMILY = "1,2";
			};
			name = Debug;
		};
		D8B8B3871F5DB06C00373140 /* Release */ = {
			isa = XCBuildConfiguration;
			buildSettings = {
				ASSETCATALOG_COMPILER_APPICON_NAME = AppIcon;
				CODE_SIGN_STYLE = Automatic;
				DEVELOPMENT_TEAM = TPZZ58AXV4;
				INFOPLIST_FILE = TalkBoy/Info.plist;
				LD_RUNPATH_SEARCH_PATHS = "$(inherited) @executable_path/Frameworks";
				PRODUCT_BUNDLE_IDENTIFIER = com.couponpages.TalkBoy;
				PRODUCT_NAME = "$(TARGET_NAME)";
				SWIFT_VERSION = 4.0;
				TARGETED_DEVICE_FAMILY = "1,2";
			};
			name = Release;
		};
/* End XCBuildConfiguration section */

/* Begin XCConfigurationList section */
		D8B8B36B1F5DB06C00373140 /* Build configuration list for PBXProject "TalkBoy" */ = {
			isa = XCConfigurationList;
			buildConfigurations = (
				D8B8B3831F5DB06C00373140 /* Debug */,
				D8B8B3841F5DB06C00373140 /* Release */,
			);
			defaultConfigurationIsVisible = 0;
			defaultConfigurationName = Release;
		};
		D8B8B3851F5DB06C00373140 /* Build configuration list for PBXNativeTarget "TalkBoy" */ = {
			isa = XCConfigurationList;
			buildConfigurations = (
				D8B8B3861F5DB06C00373140 /* Debug */,
				D8B8B3871F5DB06C00373140 /* Release */,
			);
			defaultConfigurationIsVisible = 0;
			defaultConfigurationName = Release;
		};
/* End XCConfigurationList section */

/* Begin XCVersionGroup section */
		D8B8B37A1F5DB06C00373140 /* TalkBoy.xcdatamodeld */ = {
			isa = XCVersionGroup;
			children = (
				D8B8B37B1F5DB06C00373140 /* TalkBoy.xcdatamodel */,
			);
			currentVersion = D8B8B37B1F5DB06C00373140 /* TalkBoy.xcdatamodel */;
			path = TalkBoy.xcdatamodeld;
			sourceTree = "<group>";
			versionGroupType = wrapper.xcdatamodel;
		};
/* End XCVersionGroup section */
	};
	rootObject = D8B8B3681F5DB06C00373140 /* Project object */;
}
